
Microsoft Visual Studio Solution File, Format Version 12.00
# Visual Studio Version 16
VisualStudioVersion = 16.0.32602.291
MinimumVisualStudioVersion = 10.0.40219.1
Project("{FAE04EC0-301F-11D3-BF4B-00C04F79EFBC}") = "SimpleGC", "SimpleGC\SimpleGC.csproj", "{49E00BA8-9785-4AC0-9908-9E23EEBBC2E9}"
EndProject
Project("{FAE04EC0-301F-11D3-BF4B-00C04F79EFBC}") = "SimpleFinalize", "SimpleFinalize\SimpleFinalize.csproj", "{7275C5DC-FC98-42BE-B7C0-34E4E47DB4FA}"
EndProject
Project("{FAE04EC0-301F-11D3-BF4B-00C04F79EFBC}") = "SimpleDispose", "SimpleDispose\SimpleDispose.csproj", "{DB060BCE-C726-473F-BD1F-BF6878F19C65}"
EndProject
Project("{FAE04EC0-301F-11D3-BF4B-00C04F79EFBC}") = "FinalizableDisposableClass", "FinalizableDisposableClass\FinalizableDisposableClass.csproj", "{6480FA35-2E3B-4A02-B35B-2784641F4CD9}"
EndProject
Project("{FAE04EC0-301F-11D3-BF4B-00C04F79EFBC}") = "LazyObjectInstantiation", "LazyObjectInstantiation\LazyObjectInstantiation.csproj", "{00999ABB-E246-422A-8C59-84540532F3F8}"
EndProject
Global
	GlobalSection(SolutionConfigurationPlatforms) = preSolution
		Debug|Any CPU = Debug|Any CPU
		Release|Any CPU = Release|Any CPU
	EndGlobalSection
	GlobalSection(ProjectConfigurationPlatforms) = postSolution
		{49E00BA8-9785-4AC0-9908-9E23EEBBC2E9}.Debug|Any CPU.ActiveCfg = Debug|Any CPU
		{49E00BA8-9785-4AC0-9908-9E23EEBBC2E9}.Debug|Any CPU.Build.0 = Debug|Any CPU
		{49E00BA8-9785-4AC0-9908-9E23EEBBC2E9}.Release|Any CPU.ActiveCfg = Release|Any CPU
		{49E00BA8-9785-4AC0-9908-9E23EEBBC2E9}.Release|Any CPU.Build.0 = Release|Any CPU
		{7275C5DC-FC98-42BE-B7C0-34E4E47DB4FA}.Debug|Any CPU.ActiveCfg = Debug|Any CPU
		{7275C5DC-FC98-42BE-B7C0-34E4E47DB4FA}.Debug|Any CPU.Build.0 = Debug|Any CPU
		{7275C5DC-FC98-42BE-B7C0-34E4E47DB4FA}.Release|Any CPU.ActiveCfg = Release|Any CPU
		{7275C5DC-FC98-42BE-B7C0-34E4E47DB4FA}.Release|Any CPU.Build.0 = Release|Any CPU
		{DB060BCE-C726-473F-BD1F-BF6878F19C65}.Debug|Any CPU.ActiveCfg = Debug|Any CPU
		{DB060BCE-C726-473F-BD1F-BF6878F19C65}.Debug|Any CPU.Build.0 = Debug|Any CPU
		{DB060BCE-C726-473F-BD1F-BF6878F19C65}.Release|Any CPU.ActiveCfg = Release|Any CPU
		{DB060BCE-C726-473F-BD1F-BF6878F19C65}.Release|Any CPU.Build.0 = Release|Any CPU
		{6480FA35-2E3B-4A02-B35B-2784641F4CD9}.Debug|Any CPU.ActiveCfg = Debug|Any CPU
		{6480FA35-2E3B-4A02-B35B-2784641F4CD9}.Debug|Any CPU.Build.0 = Debug|Any CPU
		{6480FA35-2E3B-4A02-B35B-2784641F4CD9}.Release|Any CPU.ActiveCfg = Release|Any CPU
		{6480FA35-2E3B-4A02-B35B-2784641F4CD9}.Release|Any CPU.Build.0 = Release|Any CPU
		{00999ABB-E246-422A-8C59-84540532F3F8}.Debug|Any CPU.ActiveCfg = Debug|Any CPU
		{00999ABB-E246-422A-8C59-84540532F3F8}.Debug|Any CPU.Build.0 = Debug|Any CPU
		{00999ABB-E246-422A-8C59-84540532F3F8}.Release|Any CPU.ActiveCfg = Release|Any CPU
		{00999ABB-E246-422A-8C59-84540532F3F8}.Release|Any CPU.Build.0 = Release|Any CPU
	EndGlobalSection
	GlobalSection(SolutionProperties) = preSolution
		HideSolutionNode = FALSE
	EndGlobalSection
	GlobalSection(ExtensibilityGlobals) = postSolution
		SolutionGuid = {73FA1E27-CF5D-4819-AD89-B606AF5D9DC6}
	EndGlobalSection
EndGlobal
