
Microsoft Visual Studio Solution File, Format Version 12.00
# Visual Studio Version 16
VisualStudioVersion = 16.0.32602.291
MinimumVisualStudioVersion = 10.0.40219.1
Project("{FAE04EC0-301F-11D3-BF4B-00C04F79EFBC}") = "ConnectionFactory", "ConnectionFactory\ConnectionFactory.csproj", "{A9B8920B-DFD0-4857-901A-5F5B0363FF65}"
EndProject
Project("{FAE04EC0-301F-11D3-BF4B-00C04F79EFBC}") = "DataProviderFactory", "DataProviderFactory\DataProviderFactory.csproj", "{B4F60184-F481-424C-9F1F-7F214E34E187}"
EndProject
Project("{FAE04EC0-301F-11D3-BF4B-00C04F79EFBC}") = "AutoLot.DataReader", "AutoLot.DataReader\AutoLot.DataReader.csproj", "{F4B4A064-3592-4784-AC65-7214B0E737DF}"
EndProject
Project("{FAE04EC0-301F-11D3-BF4B-00C04F79EFBC}") = "AutoLot.Dal", "AutoLot.Dal\AutoLot.Dal.csproj", "{6949336A-048B-4DDD-81D0-76C269E6EB70}"
EndProject
Project("{FAE04EC0-301F-11D3-BF4B-00C04F79EFBC}") = "AutoLot.Client", "AutoLot.Client\AutoLot.Client.csproj", "{8CEAC8A2-C851-4CBF-B17F-931D2A84CEAB}"
EndProject
Global
	GlobalSection(SolutionConfigurationPlatforms) = preSolution
		Debug|Any CPU = Debug|Any CPU
		Release|Any CPU = Release|Any CPU
	EndGlobalSection
	GlobalSection(ProjectConfigurationPlatforms) = postSolution
		{A9B8920B-DFD0-4857-901A-5F5B0363FF65}.Debug|Any CPU.ActiveCfg = Debug|Any CPU
		{A9B8920B-DFD0-4857-901A-5F5B0363FF65}.Debug|Any CPU.Build.0 = Debug|Any CPU
		{A9B8920B-DFD0-4857-901A-5F5B0363FF65}.Release|Any CPU.ActiveCfg = Release|Any CPU
		{A9B8920B-DFD0-4857-901A-5F5B0363FF65}.Release|Any CPU.Build.0 = Release|Any CPU
		{B4F60184-F481-424C-9F1F-7F214E34E187}.Debug|Any CPU.ActiveCfg = Debug|Any CPU
		{B4F60184-F481-424C-9F1F-7F214E34E187}.Debug|Any CPU.Build.0 = Debug|Any CPU
		{B4F60184-F481-424C-9F1F-7F214E34E187}.Release|Any CPU.ActiveCfg = Release|Any CPU
		{B4F60184-F481-424C-9F1F-7F214E34E187}.Release|Any CPU.Build.0 = Release|Any CPU
		{F4B4A064-3592-4784-AC65-7214B0E737DF}.Debug|Any CPU.ActiveCfg = Debug|Any CPU
		{F4B4A064-3592-4784-AC65-7214B0E737DF}.Debug|Any CPU.Build.0 = Debug|Any CPU
		{F4B4A064-3592-4784-AC65-7214B0E737DF}.Release|Any CPU.ActiveCfg = Release|Any CPU
		{F4B4A064-3592-4784-AC65-7214B0E737DF}.Release|Any CPU.Build.0 = Release|Any CPU
		{6949336A-048B-4DDD-81D0-76C269E6EB70}.Debug|Any CPU.ActiveCfg = Debug|Any CPU
		{6949336A-048B-4DDD-81D0-76C269E6EB70}.Debug|Any CPU.Build.0 = Debug|Any CPU
		{6949336A-048B-4DDD-81D0-76C269E6EB70}.Release|Any CPU.ActiveCfg = Release|Any CPU
		{6949336A-048B-4DDD-81D0-76C269E6EB70}.Release|Any CPU.Build.0 = Release|Any CPU
		{8CEAC8A2-C851-4CBF-B17F-931D2A84CEAB}.Debug|Any CPU.ActiveCfg = Debug|Any CPU
		{8CEAC8A2-C851-4CBF-B17F-931D2A84CEAB}.Debug|Any CPU.Build.0 = Debug|Any CPU
		{8CEAC8A2-C851-4CBF-B17F-931D2A84CEAB}.Release|Any CPU.ActiveCfg = Release|Any CPU
		{8CEAC8A2-C851-4CBF-B17F-931D2A84CEAB}.Release|Any CPU.Build.0 = Release|Any CPU
	EndGlobalSection
	GlobalSection(SolutionProperties) = preSolution
		HideSolutionNode = FALSE
	EndGlobalSection
	GlobalSection(ExtensibilityGlobals) = postSolution
		SolutionGuid = {49FDB81F-BE37-4E50-AEB0-8542FA088B20}
	EndGlobalSection
EndGlobal
